PODS:
  - Alamofire (4.8.2)
  - SwiftyXMLParser (5.0.0)

DEPENDENCIES:
  - Alamofire
  - SwiftyXMLParser (from `https://github.com/yahoojapan/SwiftyXMLParser.git`)

SPEC REPOS:
  https://github.com/cocoapods/specs.git:
    - Alamofire

EXTERNAL SOURCES:
  SwiftyXMLParser:
    :git: https://github.com/yahoojapan/SwiftyXMLParser.git

CHECKOUT OPTIONS:
  SwiftyXMLParser:
    :commit: 13c1b5efa33c6238b5560d8625af4f1a24df2bd1
    :git: https://github.com/yahoojapan/SwiftyXMLParser.git

SPEC CHECKSUMS:
  Alamofire: ae5c501addb7afdbb13687d7f2f722c78734c2d3
  SwiftyXMLParser: 5ebb8793192f403fa8cc691045143906122a7a75

PODFILE CHECKSUM: 1cd11a7cfa292198a3ca02e7aa7cd60a7004e3e4

COCOAPODS: 1.6.1
